Microsoft Visual Studio Solution File, Format Version 11.00
# Visual Studio 2008

Project("{E90DFB84-E30E-DF61-1E32-6EEB04D680DE}") = "Black", "Assembly-CSharp-firstpass.csproj", "{62512CB3-D38F-9C5D-A3E2-97E751EE8B51}"
EndProject
Project("{E90DFB84-E30E-DF61-1E32-6EEB04D680DE}") = "Black", "Assembly-CSharp.csproj", "{A2A38293-6829-EEE3-62A2-6E84A1DE68A4}"
EndProject
Project("{E90DFB84-E30E-DF61-1E32-6EEB04D680DE}") = "Black", "Assembly-CSharp-Editor-firstpass.csproj", "{142BD1E6-CEC3-0110-A376-404C705A6A37}"
EndProject
Project("{E90DFB84-E30E-DF61-1E32-6EEB04D680DE}") = "Black", "Assembly-CSharp-Editor.csproj", "{5722506B-F498-29B3-8E4B-0059D1908EFC}"
EndProject
Project("{E90DFB84-E30E-DF61-1E32-6EEB04D680DE}") = "Black", "Assembly-UnityScript.unityproj", "{10FF2C0E-EA40-596D-A0A3-5C97B76E5321}"
EndProject
Global
	GlobalSection(SolutionConfigurationPlatforms) = preSolution
		Debug|Any CPU = Debug|Any CPU
		Release|Any CPU = Release|Any CPU
	EndGlobalSection
	GlobalSection(ProjectConfigurationPlatforms) = postSolution
		{62512CB3-D38F-9C5D-A3E2-97E751EE8B51}.Debug|Any CPU.ActiveCfg = Debug|Any CPU
		{62512CB3-D38F-9C5D-A3E2-97E751EE8B51}.Debug|Any CPU.Build.0 = Debug|Any CPU
		{62512CB3-D38F-9C5D-A3E2-97E751EE8B51}.Release|Any CPU.ActiveCfg = Release|Any CPU
		{62512CB3-D38F-9C5D-A3E2-97E751EE8B51}.Release|Any CPU.Build.0 = Release|Any CPU
		{A2A38293-6829-EEE3-62A2-6E84A1DE68A4}.Debug|Any CPU.ActiveCfg = Debug|Any CPU
		{A2A38293-6829-EEE3-62A2-6E84A1DE68A4}.Debug|Any CPU.Build.0 = Debug|Any CPU
		{A2A38293-6829-EEE3-62A2-6E84A1DE68A4}.Release|Any CPU.ActiveCfg = Release|Any CPU
		{A2A38293-6829-EEE3-62A2-6E84A1DE68A4}.Release|Any CPU.Build.0 = Release|Any CPU
		{142BD1E6-CEC3-0110-A376-404C705A6A37}.Debug|Any CPU.ActiveCfg = Debug|Any CPU
		{142BD1E6-CEC3-0110-A376-404C705A6A37}.Debug|Any CPU.Build.0 = Debug|Any CPU
		{142BD1E6-CEC3-0110-A376-404C705A6A37}.Release|Any CPU.ActiveCfg = Release|Any CPU
		{142BD1E6-CEC3-0110-A376-404C705A6A37}.Release|Any CPU.Build.0 = Release|Any CPU
		{5722506B-F498-29B3-8E4B-0059D1908EFC}.Debug|Any CPU.ActiveCfg = Debug|Any CPU
		{5722506B-F498-29B3-8E4B-0059D1908EFC}.Debug|Any CPU.Build.0 = Debug|Any CPU
		{5722506B-F498-29B3-8E4B-0059D1908EFC}.Release|Any CPU.ActiveCfg = Release|Any CPU
		{5722506B-F498-29B3-8E4B-0059D1908EFC}.Release|Any CPU.Build.0 = Release|Any CPU
		{10FF2C0E-EA40-596D-A0A3-5C97B76E5321}.Debug|Any CPU.ActiveCfg = Debug|Any CPU
		{10FF2C0E-EA40-596D-A0A3-5C97B76E5321}.Debug|Any CPU.Build.0 = Debug|Any CPU
		{10FF2C0E-EA40-596D-A0A3-5C97B76E5321}.Release|Any CPU.ActiveCfg = Release|Any CPU
		{10FF2C0E-EA40-596D-A0A3-5C97B76E5321}.Release|Any CPU.Build.0 = Release|Any CPU
	EndGlobalSection
	GlobalSection(SolutionProperties) = preSolution
		HideSolutionNode = FALSE
	EndGlobalSection
	GlobalSection(MonoDevelopProperties) = preSolution
		StartupItem = Assembly-CSharp.csproj
	EndGlobalSection
EndGlobal
