
Microsoft Visual Studio Solution File, Format Version 12.00
# Visual Studio 2015
Project("{FAE04EC0-301F-11D3-BF4B-00C04F79EFBC}") = "Black.Plugins", "Black.Plugins.csproj", "{F19AC7A6-3F86-77DB-D532-4CD7E9B063D4}"
EndProject
Project("{FAE04EC0-301F-11D3-BF4B-00C04F79EFBC}") = "Black", "Black.csproj", "{34358878-A8FD-2946-AE2B-41F224CE8BDA}"
EndProject
Project("{FAE04EC0-301F-11D3-BF4B-00C04F79EFBC}") = "Black.Editor.Plugins", "Black.Editor.Plugins.csproj", "{8357C6A4-8D00-1EEF-1DF5-57C3153B0163}"
EndProject
Project("{FAE04EC0-301F-11D3-BF4B-00C04F79EFBC}") = "Black.Editor", "Black.Editor.csproj", "{EFEE2F9E-D376-E0C3-3187-EC1D7121C2A2}"
EndProject
Global
	GlobalSection(SolutionConfigurationPlatforms) = preSolution
		Debug|Any CPU = Debug|Any CPU
		Release|Any CPU = Release|Any CPU
	EndGlobalSection
	GlobalSection(ProjectConfigurationPlatforms) = postSolution
		{F19AC7A6-3F86-77DB-D532-4CD7E9B063D4}.Debug|Any CPU.ActiveCfg = Debug|Any CPU
		{F19AC7A6-3F86-77DB-D532-4CD7E9B063D4}.Debug|Any CPU.Build.0 = Debug|Any CPU
		{F19AC7A6-3F86-77DB-D532-4CD7E9B063D4}.Release|Any CPU.ActiveCfg = Release|Any CPU
		{F19AC7A6-3F86-77DB-D532-4CD7E9B063D4}.Release|Any CPU.Build.0 = Release|Any CPU
		{34358878-A8FD-2946-AE2B-41F224CE8BDA}.Debug|Any CPU.ActiveCfg = Debug|Any CPU
		{34358878-A8FD-2946-AE2B-41F224CE8BDA}.Debug|Any CPU.Build.0 = Debug|Any CPU
		{34358878-A8FD-2946-AE2B-41F224CE8BDA}.Release|Any CPU.ActiveCfg = Release|Any CPU
		{34358878-A8FD-2946-AE2B-41F224CE8BDA}.Release|Any CPU.Build.0 = Release|Any CPU
		{8357C6A4-8D00-1EEF-1DF5-57C3153B0163}.Debug|Any CPU.ActiveCfg = Debug|Any CPU
		{8357C6A4-8D00-1EEF-1DF5-57C3153B0163}.Debug|Any CPU.Build.0 = Debug|Any CPU
		{8357C6A4-8D00-1EEF-1DF5-57C3153B0163}.Release|Any CPU.ActiveCfg = Release|Any CPU
		{8357C6A4-8D00-1EEF-1DF5-57C3153B0163}.Release|Any CPU.Build.0 = Release|Any CPU
		{EFEE2F9E-D376-E0C3-3187-EC1D7121C2A2}.Debug|Any CPU.ActiveCfg = Debug|Any CPU
		{EFEE2F9E-D376-E0C3-3187-EC1D7121C2A2}.Debug|Any CPU.Build.0 = Debug|Any CPU
		{EFEE2F9E-D376-E0C3-3187-EC1D7121C2A2}.Release|Any CPU.ActiveCfg = Release|Any CPU
		{EFEE2F9E-D376-E0C3-3187-EC1D7121C2A2}.Release|Any CPU.Build.0 = Release|Any CPU
	EndGlobalSection
	GlobalSection(SolutionProperties) = preSolution
		HideSolutionNode = FALSE
	EndGlobalSection
EndGlobal
